{
  "name": "data",
  "lockfileVersion": 2,
  "requires": true,
  "packages": {
    "": {
      "dependencies": {
        "nodem": "^0.20.8"
      }
    },
    "node_modules/nodem": {
      "version": "0.20.8",
      "resolved": "https://registry.npmjs.org/nodem/-/nodem-0.20.8.tgz",
      "integrity": "sha512-R4lXlXOZJAhhJob7sgmql9eoIYV6S1glv29pq9rbNRpuV4m7vSclC3SziGwNd6eIJnVn5CKzKPOC1gN4viXTuA==",
      "hasInstallScript": true,
      "os": [
        "linux"
      ],
      "engines": {
        "node": ">=0.12.0"
      }
    }
  },
  "dependencies": {
    "nodem": {
      "version": "0.20.8",
      "resolved": "https://registry.npmjs.org/nodem/-/nodem-0.20.8.tgz",
      "integrity": "sha512-R4lXlXOZJAhhJob7sgmql9eoIYV6S1glv29pq9rbNRpuV4m7vSclC3SziGwNd6eIJnVn5CKzKPOC1gN4viXTuA=="
    }
  }
}
